{
  "archiveVersion" : 1,
  "classes" : {
  },
  "objectVersion" : 56,
  "objects" : {
    "1A2B3C4D5E6F7G8H9I0J" : {
      "isa" : "PBXFileReference",
      "lastKnownFileType" : "folder",
      "sourceTree" : "<group>"
    },
    "1B2C3D4E5F6G7H8I9J0K" : {
      "isa" : "PBXGroup",
      "children" : [
        "1C2D3E4F5G6H7I8J9K0L",
        "1D2E3F4G5H6I7J8K9L0M"
      ],
      "name" : "AgentZeroApp",
      "sourceTree" : "<group>"
    },
    "1C2D3E4F5G6H7I8J9K0L" : {
      "isa" : "PBXFileReference",
      "lastKnownFileType" : "sourcecode.swift",
      "path" : "AgentZeroApp.swift",
      "sourceTree" : "<group>"
    },
    "1D2E3F4G5H6I7J8K9L0M" : {
      "isa" : "PBXFileReference",
      "lastKnownFileType" : "sourcecode.swift",
      "path" : "ContentView.swift",
      "sourceTree" : "<group>"
    }
  },
  "rootObject" : "1A2B3C4D5E6F7G8H9I0J"
}
